// !$*UTF8*$!
{
	archiveVersion = 1;
	classes = {
	};
	objectVersion = 46;
	objects = {

/* Begin PBXBuildFile section */
		942E94361BC01A4A00FB5CD0 /* main.m in Sources */ = {isa = PBXBuildFile; fileRef = 942E94351BC01A4A00FB5CD0 /* main.m */; };
		942E94391BC01A4A00FB5CD0 /* AppDelegate.m in Sources */ = {isa = PBXBuildFile; fileRef = 942E94381BC01A4A00FB5CD0 /* AppDelegate.m */; };
		942E943C1BC01A4A00FB5CD0 /* leoni.xcdatamodeld in Sources */ = {isa = PBXBuildFile; fileRef = 942E943A1BC01A4A00FB5CD0 /* leoni.xcdatamodeld */; };
		942E943F1BC01A4A00FB5CD0 /* ViewController.m in Sources */ = {isa = PBXBuildFile; fileRef = 942E943E1BC01A4A00FB5CD0 /* ViewController.m */; };
		942E94421BC01A4A00FB5CD0 /* Main.storyboard in Resources */ = {isa = PBXBuildFile; fileRef = 942E94401BC01A4A00FB5CD0 /* Main.storyboard */; };
		942E94441BC01A4A00FB5CD0 /* Images.xcassets in Resources */ = {isa = PBXBuildFile; fileRef = 942E94431BC01A4A00FB5CD0 /* Images.xcassets */; };
		942E94471BC01A4A00FB5CD0 /* LaunchScreen.xib in Resources */ = {isa = PBXBuildFile; fileRef = 942E94451BC01A4A00FB5CD0 /* LaunchScreen.xib */; };
		942E94531BC01A4A00FB5CD0 /* leoniTests.m in Sources */ = {isa = PBXBuildFile; fileRef = 942E94521BC01A4A00FB5CD0 /* leoniTests.m */; };
/* End PBXBuildFile section */

/* Begin PBXContainerItemProxy section */
		942E944D1BC01A4A00FB5CD0 /* PBXContainerItemProxy */ = {
			isa = PBXContainerItemProxy;
			containerPortal = 942E94281BC01A4A00FB5CD0 /* Project object */;
			proxyType = 1;
			remoteGlobalIDString = 942E942F1BC01A4A00FB5CD0;
			remoteInfo = leoni;
		};
/* End PBXContainerItemProxy section */

/* Begin PBXFileReference section */
		942E94301BC01A4A00FB5CD0 /* leoni.app */ = {isa = PBXFileReference; explicitFileType = wrapper.application; includeInIndex = 0; path = leoni.app; sourceTree = BUILT_PRODUCTS_DIR; };
		942E94341BC01A4A00FB5CD0 /* Info.plist */ = {isa = PBXFileReference; lastKnownFileType = text.plist.xml; path = Info.plist; sourceTree = "<group>"; };
		942E94351BC01A4A00FB5CD0 /* main.m */ = {isa = PBXFileReference; lastKnownFileType = sourcecode.c.objc; path = main.m; sourceTree = "<group>"; };
		942E94371BC01A4A00FB5CD0 /* AppDelegate.h */ = {isa = PBXFileReference; lastKnownFileType = sourcecode.c.h; path = AppDelegate.h; sourceTree = "<group>"; };
		942E94381BC01A4A00FB5CD0 /* AppDelegate.m */ = {isa = PBXFileReference; lastKnownFileType = sourcecode.c.objc; path = AppDelegate.m; sourceTree = "<group>"; };
		942E943B1BC01A4A00FB5CD0 /* leoni.xcdatamodel */ = {isa = PBXFileReference; lastKnownFileType = wrapper.xcdatamodel; path = leoni.xcdatamodel; sourceTree = "<group>"; };
		942E943D1BC01A4A00FB5CD0 /* ViewController.h */ = {isa = PBXFileReference; lastKnownFileType = sourcecode.c.h; path = ViewController.h; sourceTree = "<group>"; };
		942E943E1BC01A4A00FB5CD0 /* ViewController.m */ = {isa = PBXFileReference; lastKnownFileType = sourcecode.c.objc; path = ViewController.m; sourceTree = "<group>"; };
		942E94411BC01A4A00FB5CD0 /* Base */ = {isa = PBXFileReference; lastKnownFileType = file.storyboard; name = Base; path = Base.lproj/Main.storyboard; sourceTree = "<group>"; };
		942E94431BC01A4A00FB5CD0 /* Images.xcassets */ = {isa = PBXFileReference; lastKnownFileType = folder.assetcatalog; path = Images.xcassets; sourceTree = "<group>"; };
		942E94461BC01A4A00FB5CD0 /* Base */ = {isa = PBXFileReference; lastKnownFileType = file.xib; name = Base; path = Base.lproj/LaunchScreen.xib; sourceTree = "<group>"; };
		942E944C1BC01A4A00FB5CD0 /* leoniTests.xctest */ = {isa = PBXFileReference; explicitFileType = wrapper.cfbundle; includeInIndex = 0; path = leoniTests.xctest; sourceTree = BUILT_PRODUCTS_DIR; };
		942E94511BC01A4A00FB5CD0 /* Info.plist */ = {isa = PBXFileReference; lastKnownFileType = text.plist.xml; path = Info.plist; sourceTree = "<group>"; };
		942E94521BC01A4A00FB5CD0 /* leoniTests.m */ = {isa = PBXFileReference; lastKnownFileType = sourcecode.c.objc; path = leoniTests.m; sourceTree = "<group>"; };
/* End PBXFileReference section */

/* Begin PBXFrameworksBuildPhase section */
		942E942D1BC01A4A00FB5CD0 /* Frameworks */ = {
			isa = PBXFrameworksBuildPhase;
			buildActionMask = 2147483647;
			files = (
			);
			runOnlyForDeploymentPostprocessing = 0;
		};
		942E94491BC01A4A00FB5CD0 /* Frameworks */ = {
			isa = PBXFrameworksBuildPhase;
			buildActionMask = 2147483647;
			files = (
			);
			runOnlyForDeploymentPostprocessing = 0;
		};
/* End PBXFrameworksBuildPhase section */

/* Begin PBXGroup section */
		942E94271BC01A4A00FB5CD0 = {
			isa = PBXGroup;
			children = (
				942E94321BC01A4A00FB5CD0 /* leoni */,
				942E944F1BC01A4A00FB5CD0 /* leoniTests */,
				942E94311BC01A4A00FB5CD0 /* Products */,
			);
			sourceTree = "<group>";
		};
		942E94311BC01A4A00FB5CD0 /* Products */ = {
			isa = PBXGroup;
			children = (
				942E94301BC01A4A00FB5CD0 /* leoni.app */,
				942E944C1BC01A4A00FB5CD0 /* leoniTests.xctest */,
			);
			name = Products;
			sourceTree = "<group>";
		};
		942E94321BC01A4A00FB5CD0 /* leoni */ = {
			isa = PBXGroup;
			children = (
				942E945E1BC01ACA00FB5CD0 /* controller */,
				942E945D1BC01ABD00FB5CD0 /* view */,
				942E945C1BC01AAD00FB5CD0 /* model */,
				942E94371BC01A4A00FB5CD0 /* AppDelegate.h */,
				942E94381BC01A4A00FB5CD0 /* AppDelegate.m */,
				942E943D1BC01A4A00FB5CD0 /* ViewController.h */,
				942E943E1BC01A4A00FB5CD0 /* ViewController.m */,
				942E94401BC01A4A00FB5CD0 /* Main.storyboard */,
				942E94431BC01A4A00FB5CD0 /* Images.xcassets */,
				942E94451BC01A4A00FB5CD0 /* LaunchScreen.xib */,
				942E943A1BC01A4A00FB5CD0 /* leoni.xcdatamodeld */,
				942E94331BC01A4A00FB5CD0 /* Supporting Files */,
			);
			path = leoni;
			sourceTree = "<group>";
		};
		942E94331BC01A4A00FB5CD0 /* Supporting Files */ = {
			isa = PBXGroup;
			children = (
				942E94341BC01A4A00FB5CD0 /* Info.plist */,
				942E94351BC01A4A00FB5CD0 /* main.m */,
			);
			name = "Supporting Files";
			sourceTree = "<group>";
		};
		942E944F1BC01A4A00FB5CD0 /* leoniTests */ = {
			isa = PBXGroup;
			children = (
				942E94521BC01A4A00FB5CD0 /* leoniTests.m */,
				942E94501BC01A4A00FB5CD0 /* Supporting Files */,
			);
			path = leoniTests;
			sourceTree = "<group>";
		};
		942E94501BC01A4A00FB5CD0 /* Supporting Files */ = {
			isa = PBXGroup;
			children = (
				942E94511BC01A4A00FB5CD0 /* Info.plist */,
			);
			name = "Supporting Files";
			sourceTree = "<group>";
		};
		942E945C1BC01AAD00FB5CD0 /* model */ = {
			isa = PBXGroup;
			children = (
			);
			name = model;
			sourceTree = "<group>";
		};
		942E945D1BC01ABD00FB5CD0 /* view */ = {
			isa = PBXGroup;
			children = (
			);
			name = view;
			sourceTree = "<group>";
		};
		942E945E1BC01ACA00FB5CD0 /* controller */ = {
			isa = PBXGroup;
			children = (
			);
			name = controller;
			sourceTree = "<group>";
		};
/* End PBXGroup section */

/* Begin PBXNativeTarget section */
		942E942F1BC01A4A00FB5CD0 /* leoni */ = {
			isa = PBXNativeTarget;
			buildConfigurationList = 942E94561BC01A4A00FB5CD0 /* Build configuration list for PBXNativeTarget "leoni" */;
			buildPhases = (
				942E942C1BC01A4A00FB5CD0 /* Sources */,
				942E942D1BC01A4A00FB5CD0 /* Frameworks */,
				942E942E1BC01A4A00FB5CD0 /* Resources */,
			);
			buildRules = (
			);
			dependencies = (
			);
			name = leoni;
			productName = leoni;
			productReference = 942E94301BC01A4A00FB5CD0 /* leoni.app */;
			productType = "com.apple.product-type.application";
		};
		942E944B1BC01A4A00FB5CD0 /* leoniTests */ = {
			isa = PBXNativeTarget;
			buildConfigurationList = 942E94591BC01A4A00FB5CD0 /* Build configuration list for PBXNativeTarget "leoniTests" */;
			buildPhases = (
				942E94481BC01A4A00FB5CD0 /* Sources */,
				942E94491BC01A4A00FB5CD0 /* Frameworks */,
				942E944A1BC01A4A00FB5CD0 /* Resources */,
			);
			buildRules = (
			);
			dependencies = (
				942E944E1BC01A4A00FB5CD0 /* PBXTargetDependency */,
			);
			name = leoniTests;
			productName = leoniTests;
			productReference = 942E944C1BC01A4A00FB5CD0 /* leoniTests.xctest */;
			productType = "com.apple.product-type.bundle.unit-test";
		};
/* End PBXNativeTarget section */

/* Begin PBXProject section */
		942E94281BC01A4A00FB5CD0 /* Project object */ = {
			isa = PBXProject;
			attributes = {
				LastUpgradeCheck = 0640;
				ORGANIZATIONNAME = ryan;
				TargetAttributes = {
					942E942F1BC01A4A00FB5CD0 = {
						CreatedOnToolsVersion = 6.4;
					};
					942E944B1BC01A4A00FB5CD0 = {
						CreatedOnToolsVersion = 6.4;
						TestTargetID = 942E942F1BC01A4A00FB5CD0;
					};
				};
			};
			buildConfigurationList = 942E942B1BC01A4A00FB5CD0 /* Build configuration list for PBXProject "leoni" */;
			compatibilityVersion = "Xcode 3.2";
			developmentRegion = English;
			hasScannedForEncodings = 0;
			knownRegions = (
				en,
				Base,
			);
			mainGroup = 942E94271BC01A4A00FB5CD0;
			productRefGroup = 942E94311BC01A4A00FB5CD0 /* Products */;
			projectDirPath = "";
			projectRoot = "";
			targets = (
				942E942F1BC01A4A00FB5CD0 /* leoni */,
				942E944B1BC01A4A00FB5CD0 /* leoniTests */,
			);
		};
/* End PBXProject section */

/* Begin PBXResourcesBuildPhase section */
		942E942E1BC01A4A00FB5CD0 /* Resources */ = {
			isa = PBXResourcesBuildPhase;
			buildActionMask = 2147483647;
			files = (
				942E94421BC01A4A00FB5CD0 /* Main.storyboard in Resources */,
				942E94471BC01A4A00FB5CD0 /* LaunchScreen.xib in Resources */,
				942E94441BC01A4A00FB5CD0 /* Images.xcassets in Resources */,
			);
			runOnlyForDeploymentPostprocessing = 0;
		};
		942E944A1BC01A4A00FB5CD0 /* Resources */ = {
			isa = PBXResourcesBuildPhase;
			buildActionMask = 2147483647;
			files = (
			);
			runOnlyForDeploymentPostprocessing = 0;
		};
/* End PBXResourcesBuildPhase section */

/* Begin PBXSourcesBuildPhase section */
		942E942C1BC01A4A00FB5CD0 /* Sources */ = {
			isa = PBXSourcesBuildPhase;
			buildActionMask = 2147483647;
			files = (
				942E94391BC01A4A00FB5CD0 /* AppDelegate.m in Sources */,
				942E943C1BC01A4A00FB5CD0 /* leoni.xcdatamodeld in Sources */,
				942E943F1BC01A4A00FB5CD0 /* ViewController.m in Sources */,
				942E94361BC01A4A00FB5CD0 /* main.m in Sources */,
			);
			runOnlyForDeploymentPostprocessing = 0;
		};
		942E94481BC01A4A00FB5CD0 /* Sources */ = {
			isa = PBXSourcesBuildPhase;
			buildActionMask = 2147483647;
			files = (
				942E94531BC01A4A00FB5CD0 /* leoniTests.m in Sources */,
			);
			runOnlyForDeploymentPostprocessing = 0;
		};
/* End PBXSourcesBuildPhase section */

/* Begin PBXTargetDependency section */
		942E944E1BC01A4A00FB5CD0 /* PBXTargetDependency */ = {
			isa = PBXTargetDependency;
			target = 942E942F1BC01A4A00FB5CD0 /* leoni */;
			targetProxy = 942E944D1BC01A4A00FB5CD0 /* PBXContainerItemProxy */;
		};
/* End PBXTargetDependency section */

/* Begin PBXVariantGroup section */
		942E94401BC01A4A00FB5CD0 /* Main.storyboard */ = {
			isa = PBXVariantGroup;
			children = (
				942E94411BC01A4A00FB5CD0 /* Base */,
			);
			name = Main.storyboard;
			sourceTree = "<group>";
		};
		942E94451BC01A4A00FB5CD0 /* LaunchScreen.xib */ = {
			isa = PBXVariantGroup;
			children = (
				942E94461BC01A4A00FB5CD0 /* Base */,
			);
			name = LaunchScreen.xib;
			sourceTree = "<group>";
		};
/* End PBXVariantGroup section */

/* Begin XCBuildConfiguration section */
		942E94541BC01A4A00FB5CD0 /* Debug */ = {
			isa = XCBuildConfiguration;
			buildSettings = {
				ALWAYS_SEARCH_USER_PATHS = NO;
				CLANG_CXX_LANGUAGE_STANDARD = "gnu++0x";
				CLANG_CXX_LIBRARY = "libc++";
				CLANG_ENABLE_MODULES = YES;
				CLANG_ENABLE_OBJC_ARC = YES;
				CLANG_WARN_BOOL_CONVERSION = YES;
				CLANG_WARN_CONSTANT_CONVERSION = YES;
				CLANG_WARN_DIRECT_OBJC_ISA_USAGE = YES_ERROR;
				CLANG_WARN_EMPTY_BODY = YES;
				CLANG_WARN_ENUM_CONVERSION = YES;
				CLANG_WARN_INT_CONVERSION = YES;
				CLANG_WARN_OBJC_ROOT_CLASS = YES_ERROR;
				CLANG_WARN_UNREACHABLE_CODE = YES;
				CLANG_WARN__DUPLICATE_METHOD_MATCH = YES;
				"CODE_SIGN_IDENTITY[sdk=iphoneos*]" = "iPhone Developer";
				COPY_PHASE_STRIP = NO;
				DEBUG_INFORMATION_FORMAT = "dwarf-with-dsym";
				ENABLE_STRICT_OBJC_MSGSEND = YES;
				GCC_C_LANGUAGE_STANDARD = gnu99;
				GCC_DYNAMIC_NO_PIC = NO;
				GCC_NO_COMMON_BLOCKS = YES;
				GCC_OPTIMIZATION_LEVEL = 0;
				GCC_PREPROCESSOR_DEFINITIONS = (
					"DEBUG=1",
					"$(inherited)",
				);
				GCC_SYMBOLS_PRIVATE_EXTERN = NO;
				GCC_WARN_64_TO_32_BIT_CONVERSION = YES;
				GCC_WARN_ABOUT_RETURN_TYPE = YES_ERROR;
				GCC_WARN_UNDECLARED_SELECTOR = YES;
				GCC_WARN_UNINITIALIZED_AUTOS = YES_AGGRESSIVE;
				GCC_WARN_UNUSED_FUNCTION = YES;
				GCC_WARN_UNUSED_VARIABLE = YES;
				IPHONEOS_DEPLOYMENT_TARGET = 8.4;
				MTL_ENABLE_DEBUG_INFO = YES;
				ONLY_ACTIVE_ARCH = YES;
				SDKROOT = iphoneos;
				TARGETED_DEVICE_FAMILY = "1,2";
			};
			name = Debug;
		};
		942E94551BC01A4A00FB5CD0 /* Release */ = {
			isa = XCBuildConfiguration;
			buildSettings = {
				ALWAYS_SEARCH_USER_PATHS = NO;
				CLANG_CXX_LANGUAGE_STANDARD = "gnu++0x";
				CLANG_CXX_LIBRARY = "libc++";
				CLANG_ENABLE_MODULES = YES;
				CLANG_ENABLE_OBJC_ARC = YES;
				CLANG_WARN_BOOL_CONVERSION = YES;
				CLANG_WARN_CONSTANT_CONVERSION = YES;
				CLANG_WARN_DIRECT_OBJC_ISA_USAGE = YES_ERROR;
				CLANG_WARN_EMPTY_BODY = YES;
				CLANG_WARN_ENUM_CONVERSION = YES;
				CLANG_WARN_INT_CONVERSION = YES;
				CLANG_WARN_OBJC_ROOT_CLASS = YES_ERROR;
				CLANG_WARN_UNREACHABLE_CODE = YES;
				CLANG_WARN__DUPLICATE_METHOD_MATCH = YES;
				"CODE_SIGN_IDENTITY[sdk=iphoneos*]" = "iPhone Developer";
				COPY_PHASE_STRIP = NO;
				DEBUG_INFORMATION_FORMAT = "dwarf-with-dsym";
				ENABLE_NS_ASSERTIONS = NO;
				ENABLE_STRICT_OBJC_MSGSEND = YES;
				GCC_C_LANGUAGE_STANDARD = gnu99;
				GCC_NO_COMMON_BLOCKS = YES;
				GCC_WARN_64_TO_32_BIT_CONVERSION = YES;
				GCC_WARN_ABOUT_RETURN_TYPE = YES_ERROR;
				GCC_WARN_UNDECLARED_SELECTOR = YES;
				GCC_WARN_UNINITIALIZED_AUTOS = YES_AGGRESSIVE;
				GCC_WARN_UNUSED_FUNCTION = YES;
				GCC_WARN_UNUSED_VARIABLE = YES;
				IPHONEOS_DEPLOYMENT_TARGET = 8.4;
				MTL_ENABLE_DEBUG_INFO = NO;
				SDKROOT = iphoneos;
				TARGETED_DEVICE_FAMILY = "1,2";
				VALIDATE_PRODUCT = YES;
			};
			name = Release;
		};
		942E94571BC01A4A00FB5CD0 /* Debug */ = {
			isa = XCBuildConfiguration;
			buildSettings = {
				ASSETCATALOG_COMPILER_APPICON_NAME = AppIcon;
				INFOPLIST_FILE = leoni/Info.plist;
				IPHONEOS_DEPLOYMENT_TARGET = 7.0;
				LD_RUNPATH_SEARCH_PATHS = "$(inherited) @executable_path/Frameworks";
				PRODUCT_NAME = "$(TARGET_NAME)";
			};
			name = Debug;
		};
		942E94581BC01A4A00FB5CD0 /* Release */ = {
			isa = XCBuildConfiguration;
			buildSettings = {
				ASSETCATALOG_COMPILER_APPICON_NAME = AppIcon;
				INFOPLIST_FILE = leoni/Info.plist;
				IPHONEOS_DEPLOYMENT_TARGET = 7.0;
				LD_RUNPATH_SEARCH_PATHS = "$(inherited) @executable_path/Frameworks";
				PRODUCT_NAME = "$(TARGET_NAME)";
			};
			name = Release;
		};
		942E945A1BC01A4A00FB5CD0 /* Debug */ = {
			isa = XCBuildConfiguration;
			buildSettings = {
				BUNDLE_LOADER = "$(TEST_HOST)";
				FRAMEWORK_SEARCH_PATHS = (
					"$(SDKROOT)/Developer/Library/Frameworks",
					"$(inherited)",
				);
				GCC_PREPROCESSOR_DEFINITIONS = (
					"DEBUG=1",
					"$(inherited)",
				);
				INFOPLIST_FILE = leoniTests/Info.plist;
				LD_RUNPATH_SEARCH_PATHS = "$(inherited) @executable_path/Frameworks @loader_path/Frameworks";
				PRODUCT_NAME = "$(TARGET_NAME)";
				TEST_HOST = "$(BUILT_PRODUCTS_DIR)/leoni.app/leoni";
			};
			name = Debug;
		};
		942E945B1BC01A4A00FB5CD0 /* Release */ = {
			isa = XCBuildConfiguration;
			buildSettings = {
				BUNDLE_LOADER = "$(TEST_HOST)";
				FRAMEWORK_SEARCH_PATHS = (
					"$(SDKROOT)/Developer/Library/Frameworks",
					"$(inherited)",
				);
				INFOPLIST_FILE = leoniTests/Info.plist;
				LD_RUNPATH_SEARCH_PATHS = "$(inherited) @executable_path/Frameworks @loader_path/Frameworks";
				PRODUCT_NAME = "$(TARGET_NAME)";
				TEST_HOST = "$(BUILT_PRODUCTS_DIR)/leoni.app/leoni";
			};
			name = Release;
		};
/* End XCBuildConfiguration section */

/* Begin XCConfigurationList section */
		942E942B1BC01A4A00FB5CD0 /* Build configuration list for PBXProject "leoni" */ = {
			isa = XCConfigurationList;
			buildConfigurations = (
				942E94541BC01A4A00FB5CD0 /* Debug */,
				942E94551BC01A4A00FB5CD0 /* Release */,
			);
			defaultConfigurationIsVisible = 0;
			defaultConfigurationName = Release;
		};
		942E94561BC01A4A00FB5CD0 /* Build configuration list for PBXNativeTarget "leoni" */ = {
			isa = XCConfigurationList;
			buildConfigurations = (
				942E94571BC01A4A00FB5CD0 /* Debug */,
				942E94581BC01A4A00FB5CD0 /* Release */,
			);
			defaultConfigurationIsVisible = 0;
		};
		942E94591BC01A4A00FB5CD0 /* Build configuration list for PBXNativeTarget "leoniTests" */ = {
			isa = XCConfigurationList;
			buildConfigurations = (
				942E945A1BC01A4A00FB5CD0 /* Debug */,
				942E945B1BC01A4A00FB5CD0 /* Release */,
			);
			defaultConfigurationIsVisible = 0;
		};
/* End XCConfigurationList section */

/* Begin XCVersionGroup section */
		942E943A1BC01A4A00FB5CD0 /* leoni.xcdatamodeld */ = {
			isa = XCVersionGroup;
			children = (
				942E943B1BC01A4A00FB5CD0 /* leoni.xcdatamodel */,
			);
			currentVersion = 942E943B1BC01A4A00FB5CD0 /* leoni.xcdatamodel */;
			path = leoni.xcdatamodeld;
			sourceTree = "<group>";
			versionGroupType = wrapper.xcdatamodel;
		};
/* End XCVersionGroup section */
	};
	rootObject = 942E94281BC01A4A00FB5CD0 /* Project object */;
}
