// !$*UTF8*$!
{
	archiveVersion = 1;
	classes = {
	};
	objectVersion = 46;
	objects = {

/* Begin PBXBuildFile section */
		9429571E1BC3B7D000C35462 /* DBManager.m in Sources */ = {isa = PBXBuildFile; fileRef = 9429571D1BC3B7D000C35462 /* DBManager.m */; };
		942957201BC3B7E200C35462 /* libsqlite3.dylib in Frameworks */ = {isa = PBXBuildFile; fileRef = 9429571F1BC3B7E200C35462 /* libsqlite3.dylib */; };
		942957221BC3CBF100C35462 /* inventorydb.sql in Resources */ = {isa = PBXBuildFile; fileRef = 942957211BC3CBF100C35462 /* inventorydb.sql */; };
		942957251BC3F43C00C35462 /* CheckListViewController.m in Sources */ = {isa = PBXBuildFile; fileRef = 942957241BC3F43C00C35462 /* CheckListViewController.m */; };
		942E94361BC01A4A00FB5CD0 /* main.m in Sources */ = {isa = PBXBuildFile; fileRef = 942E94351BC01A4A00FB5CD0 /* main.m */; };
		942E94391BC01A4A00FB5CD0 /* AppDelegate.m in Sources */ = {isa = PBXBuildFile; fileRef = 942E94381BC01A4A00FB5CD0 /* AppDelegate.m */; };
		942E943C1BC01A4A00FB5CD0 /* leoni.xcdatamodeld in Sources */ = {isa = PBXBuildFile; fileRef = 942E943A1BC01A4A00FB5CD0 /* leoni.xcdatamodeld */; };
		942E943F1BC01A4A00FB5CD0 /* ViewController.m in Sources */ = {isa = PBXBuildFile; fileRef = 942E943E1BC01A4A00FB5CD0 /* ViewController.m */; };
		942E94421BC01A4A00FB5CD0 /* Main.storyboard in Resources */ = {isa = PBXBuildFile; fileRef = 942E94401BC01A4A00FB5CD0 /* Main.storyboard */; };
		942E94441BC01A4A00FB5CD0 /* Images.xcassets in Resources */ = {isa = PBXBuildFile; fileRef = 942E94431BC01A4A00FB5CD0 /* Images.xcassets */; };
		942E94471BC01A4A00FB5CD0 /* LaunchScreen.xib in Resources */ = {isa = PBXBuildFile; fileRef = 942E94451BC01A4A00FB5CD0 /* LaunchScreen.xib */; };
		942E94531BC01A4A00FB5CD0 /* leoniTests.m in Sources */ = {isa = PBXBuildFile; fileRef = 942E94521BC01A4A00FB5CD0 /* leoniTests.m */; };
		945F64CB1BCD2BE5000AB38C /* RandomCheckViewController.m in Sources */ = {isa = PBXBuildFile; fileRef = 945F64CA1BCD2BE5000AB38C /* RandomCheckViewController.m */; };
		9463F0341BC20DD600280D38 /* KeychainItemWrapper.m in Sources */ = {isa = PBXBuildFile; fileRef = 9463F0331BC20DD600280D38 /* KeychainItemWrapper.m */; };
		9463F0371BC244BE00280D38 /* CheckViewController.m in Sources */ = {isa = PBXBuildFile; fileRef = 9463F0361BC244BE00280D38 /* CheckViewController.m */; };
		9463F03A1BC2450600280D38 /* CheckCreateViewController.m in Sources */ = {isa = PBXBuildFile; fileRef = 9463F0391BC2450600280D38 /* CheckCreateViewController.m */; };
		9463F03D1BC27B0400280D38 /* InventoryModel.m in Sources */ = {isa = PBXBuildFile; fileRef = 9463F03C1BC27B0400280D38 /* InventoryModel.m */; };
		9463F0411BC2803A00280D38 /* libCaptuvoSDK.a in Frameworks */ = {isa = PBXBuildFile; fileRef = 9463F0401BC2803A00280D38 /* libCaptuvoSDK.a */; };
		9463F0431BC2804C00280D38 /* ExternalAccessory.framework in Frameworks */ = {isa = PBXBuildFile; fileRef = 9463F0421BC2804C00280D38 /* ExternalAccessory.framework */; };
		9463F0461BC297A900280D38 /* InventoryEntity.m in Sources */ = {isa = PBXBuildFile; fileRef = 9463F0451BC297A900280D38 /* InventoryEntity.m */; };
		9478AC251BD216BF007FDA17 /* RandomCheckSynchronizeViewController.m in Sources */ = {isa = PBXBuildFile; fileRef = 9478AC241BD216BF007FDA17 /* RandomCheckSynchronizeViewController.m */; };
		949658131BCE7F03006DACA7 /* RandomListViewController.m in Sources */ = {isa = PBXBuildFile; fileRef = 949658121BCE7F03006DACA7 /* RandomListViewController.m */; };
		94A3592F1BC0C461008910EB /* LoginViewController.m in Sources */ = {isa = PBXBuildFile; fileRef = 94A3592E1BC0C461008910EB /* LoginViewController.m */; };
		94A359341BC0E3AD008910EB /* SettingViewController.m in Sources */ = {isa = PBXBuildFile; fileRef = 94A359331BC0E3AD008910EB /* SettingViewController.m */; };
		94A359371BC0EF28008910EB /* DashboardViewController.m in Sources */ = {isa = PBXBuildFile; fileRef = 94A359361BC0EF28008910EB /* DashboardViewController.m */; };
		94A3593A1BC0F208008910EB /* ProfileViewController.m in Sources */ = {isa = PBXBuildFile; fileRef = 94A359391BC0F208008910EB /* ProfileViewController.m */; };
		94A3593D1BC0F7EA008910EB /* DashboardProfileViewController.m in Sources */ = {isa = PBXBuildFile; fileRef = 94A3593C1BC0F7EA008910EB /* DashboardProfileViewController.m */; };
		94A359401BC10701008910EB /* AFNetHelper.m in Sources */ = {isa = PBXBuildFile; fileRef = 94A3593F1BC10701008910EB /* AFNetHelper.m */; };
		94A359421BC10914008910EB /* server.plist in Resources */ = {isa = PBXBuildFile; fileRef = 94A359411BC10914008910EB /* server.plist */; };
		94A359451BC109B7008910EB /* UserModel.m in Sources */ = {isa = PBXBuildFile; fileRef = 94A359441BC109B7008910EB /* UserModel.m */; };
		94A359491BC115F4008910EB /* UserEntity.m in Sources */ = {isa = PBXBuildFile; fileRef = 94A359481BC115F4008910EB /* UserEntity.m */; };
		94A3594C1BC121EE008910EB /* MBProgressHUD.m in Sources */ = {isa = PBXBuildFile; fileRef = 94A3594B1BC121EE008910EB /* MBProgressHUD.m */; };
		94D29B701BC89A2F00313DC7 /* CheckSynchronizeViewController.m in Sources */ = {isa = PBXBuildFile; fileRef = 94D29B6F1BC89A2F00313DC7 /* CheckSynchronizeViewController.m */; };
		FD4E319BD32BEE598B283BDF /* libPods.a in Frameworks */ = {isa = PBXBuildFile; fileRef = 65DD0E03D04E30B34C3CA012 /* libPods.a */; };
/* End PBXBuildFile section */

/* Begin PBXContainerItemProxy section */
		942E944D1BC01A4A00FB5CD0 /* PBXContainerItemProxy */ = {
			isa = PBXContainerItemProxy;
			containerPortal = 942E94281BC01A4A00FB5CD0 /* Project object */;
			proxyType = 1;
			remoteGlobalIDString = 942E942F1BC01A4A00FB5CD0;
			remoteInfo = leoni;
		};
/* End PBXContainerItemProxy section */

/* Begin PBXFileReference section */
		444761C8CCFDCCE9DECDA580 /* Pods.debug.xcconfig */ = {isa = PBXFileReference; includeInIndex = 1; lastKnownFileType = text.xcconfig; name = Pods.debug.xcconfig; path = "Pods/Target Support Files/Pods/Pods.debug.xcconfig"; sourceTree = "<group>"; };
		65DD0E03D04E30B34C3CA012 /* libPods.a */ = {isa = PBXFileReference; explicitFileType = archive.ar; includeInIndex = 0; path = libPods.a; sourceTree = BUILT_PRODUCTS_DIR; };
		9429571C1BC3B7D000C35462 /* DBManager.h */ = {isa = PBXFileReference; fileEncoding = 4; lastKnownFileType = sourcecode.c.h; path = DBManager.h; sourceTree = "<group>"; };
		9429571D1BC3B7D000C35462 /* DBManager.m */ = {isa = PBXFileReference; fileEncoding = 4; lastKnownFileType = sourcecode.c.objc; path = DBManager.m; sourceTree = "<group>"; };
		9429571F1BC3B7E200C35462 /* libsqlite3.dylib */ = {isa = PBXFileReference; lastKnownFileType = "compiled.mach-o.dylib"; name = libsqlite3.dylib; path = usr/lib/libsqlite3.dylib; sourceTree = SDKROOT; };
		942957211BC3CBF100C35462 /* inventorydb.sql */ = {isa = PBXFileReference; lastKnownFileType = file; path = inventorydb.sql; sourceTree = "<group>"; };
		942957231BC3F43C00C35462 /* CheckListViewController.h */ = {isa = PBXFileReference; fileEncoding = 4; lastKnownFileType = sourcecode.c.h; path = CheckListViewController.h; sourceTree = "<group>"; };
		942957241BC3F43C00C35462 /* CheckListViewController.m */ = {isa = PBXFileReference; fileEncoding = 4; lastKnownFileType = sourcecode.c.objc; path = CheckListViewController.m; sourceTree = "<group>"; };
		942E94301BC01A4A00FB5CD0 /* leoni.app */ = {isa = PBXFileReference; explicitFileType = wrapper.application; includeInIndex = 0; path = leoni.app; sourceTree = BUILT_PRODUCTS_DIR; };
		942E94341BC01A4A00FB5CD0 /* Info.plist */ = {isa = PBXFileReference; lastKnownFileType = text.plist.xml; path = Info.plist; sourceTree = "<group>"; };
		942E94351BC01A4A00FB5CD0 /* main.m */ = {isa = PBXFileReference; lastKnownFileType = sourcecode.c.objc; path = main.m; sourceTree = "<group>"; };
		942E94371BC01A4A00FB5CD0 /* AppDelegate.h */ = {isa = PBXFileReference; lastKnownFileType = sourcecode.c.h; path = AppDelegate.h; sourceTree = "<group>"; };
		942E94381BC01A4A00FB5CD0 /* AppDelegate.m */ = {isa = PBXFileReference; lastKnownFileType = sourcecode.c.objc; path = AppDelegate.m; sourceTree = "<group>"; };
		942E943B1BC01A4A00FB5CD0 /* leoni.xcdatamodel */ = {isa = PBXFileReference; lastKnownFileType = wrapper.xcdatamodel; path = leoni.xcdatamodel; sourceTree = "<group>"; };
		942E943D1BC01A4A00FB5CD0 /* ViewController.h */ = {isa = PBXFileReference; lastKnownFileType = sourcecode.c.h; path = ViewController.h; sourceTree = "<group>"; };
		942E943E1BC01A4A00FB5CD0 /* ViewController.m */ = {isa = PBXFileReference; lastKnownFileType = sourcecode.c.objc; path = ViewController.m; sourceTree = "<group>"; };
		942E94411BC01A4A00FB5CD0 /* Base */ = {isa = PBXFileReference; lastKnownFileType = file.storyboard; name = Base; path = Base.lproj/Main.storyboard; sourceTree = "<group>"; };
		942E94431BC01A4A00FB5CD0 /* Images.xcassets */ = {isa = PBXFileReference; lastKnownFileType = folder.assetcatalog; path = Images.xcassets; sourceTree = "<group>"; };
		942E94461BC01A4A00FB5CD0 /* Base */ = {isa = PBXFileReference; lastKnownFileType = file.xib; name = Base; path = Base.lproj/LaunchScreen.xib; sourceTree = "<group>"; };
		942E944C1BC01A4A00FB5CD0 /* leoniTests.xctest */ = {isa = PBXFileReference; explicitFileType = wrapper.cfbundle; includeInIndex = 0; path = leoniTests.xctest; sourceTree = BUILT_PRODUCTS_DIR; };
		942E94511BC01A4A00FB5CD0 /* Info.plist */ = {isa = PBXFileReference; lastKnownFileType = text.plist.xml; path = Info.plist; sourceTree = "<group>"; };
		942E94521BC01A4A00FB5CD0 /* leoniTests.m */ = {isa = PBXFileReference; lastKnownFileType = sourcecode.c.objc; path = leoniTests.m; sourceTree = "<group>"; };
		945F64C81BCD11FD000AB38C /* leoni-Prefix.pch */ = {isa = PBXFileReference; lastKnownFileType = sourcecode.c.h; path = "leoni-Prefix.pch"; sourceTree = "<group>"; };
		945F64C91BCD2BE5000AB38C /* RandomCheckViewController.h */ = {isa = PBXFileReference; fileEncoding = 4; lastKnownFileType = sourcecode.c.h; path = RandomCheckViewController.h; sourceTree = "<group>"; };
		945F64CA1BCD2BE5000AB38C /* RandomCheckViewController.m */ = {isa = PBXFileReference; fileEncoding = 4; lastKnownFileType = sourcecode.c.objc; path = RandomCheckViewController.m; sourceTree = "<group>"; };
		9463F0321BC20DD600280D38 /* KeychainItemWrapper.h */ = {isa = PBXFileReference; fileEncoding = 4; lastKnownFileType = sourcecode.c.h; path = KeychainItemWrapper.h; sourceTree = "<group>"; };
		9463F0331BC20DD600280D38 /* KeychainItemWrapper.m */ = {isa = PBXFileReference; fileEncoding = 4; lastKnownFileType = sourcecode.c.objc; path = KeychainItemWrapper.m; sourceTree = "<group>"; };
		9463F0351BC244BE00280D38 /* CheckViewController.h */ = {isa = PBXFileReference; fileEncoding = 4; lastKnownFileType = sourcecode.c.h; path = CheckViewController.h; sourceTree = "<group>"; };
		9463F0361BC244BE00280D38 /* CheckViewController.m */ = {isa = PBXFileReference; fileEncoding = 4; lastKnownFileType = sourcecode.c.objc; path = CheckViewController.m; sourceTree = "<group>"; };
		9463F0381BC2450600280D38 /* CheckCreateViewController.h */ = {isa = PBXFileReference; fileEncoding = 4; lastKnownFileType = sourcecode.c.h; path = CheckCreateViewController.h; sourceTree = "<group>"; };
		9463F0391BC2450600280D38 /* CheckCreateViewController.m */ = {isa = PBXFileReference; fileEncoding = 4; lastKnownFileType = sourcecode.c.objc; path = CheckCreateViewController.m; sourceTree = "<group>"; };
		9463F03B1BC27B0400280D38 /* InventoryModel.h */ = {isa = PBXFileReference; fileEncoding = 4; lastKnownFileType = sourcecode.c.h; path = InventoryModel.h; sourceTree = "<group>"; };
		9463F03C1BC27B0400280D38 /* InventoryModel.m */ = {isa = PBXFileReference; fileEncoding = 4; lastKnownFileType = sourcecode.c.objc; path = InventoryModel.m; sourceTree = "<group>"; };
		9463F0401BC2803A00280D38 /* libCaptuvoSDK.a */ = {isa = PBXFileReference; lastKnownFileType = archive.ar; path = libCaptuvoSDK.a; sourceTree = "<group>"; };
		9463F0421BC2804C00280D38 /* ExternalAccessory.framework */ = {isa = PBXFileReference; lastKnownFileType = wrapper.framework; name = ExternalAccessory.framework; path = System/Library/Frameworks/ExternalAccessory.framework; sourceTree = SDKROOT; };
		9463F0441BC297A900280D38 /* InventoryEntity.h */ = {isa = PBXFileReference; fileEncoding = 4; lastKnownFileType = sourcecode.c.h; path = InventoryEntity.h; sourceTree = "<group>"; };
		9463F0451BC297A900280D38 /* InventoryEntity.m */ = {isa = PBXFileReference; fileEncoding = 4; lastKnownFileType = sourcecode.c.objc; path = InventoryEntity.m; sourceTree = "<group>"; };
		9478AC231BD216BF007FDA17 /* RandomCheckSynchronizeViewController.h */ = {isa = PBXFileReference; fileEncoding = 4; lastKnownFileType = sourcecode.c.h; path = RandomCheckSynchronizeViewController.h; sourceTree = "<group>"; };
		9478AC241BD216BF007FDA17 /* RandomCheckSynchronizeViewController.m */ = {isa = PBXFileReference; fileEncoding = 4; lastKnownFileType = sourcecode.c.objc; path = RandomCheckSynchronizeViewController.m; sourceTree = "<group>"; };
		949658111BCE7F03006DACA7 /* RandomListViewController.h */ = {isa = PBXFileReference; fileEncoding = 4; lastKnownFileType = sourcecode.c.h; path = RandomListViewController.h; sourceTree = "<group>"; };
		949658121BCE7F03006DACA7 /* RandomListViewController.m */ = {isa = PBXFileReference; fileEncoding = 4; lastKnownFileType = sourcecode.c.objc; path = RandomListViewController.m; sourceTree = "<group>"; };
		94A3592D1BC0C461008910EB /* LoginViewController.h */ = {isa = PBXFileReference; fileEncoding = 4; lastKnownFileType = sourcecode.c.h; path = LoginViewController.h; sourceTree = "<group>"; };
		94A3592E1BC0C461008910EB /* LoginViewController.m */ = {isa = PBXFileReference; fileEncoding = 4; lastKnownFileType = sourcecode.c.objc; path = LoginViewController.m; sourceTree = "<group>"; };
		94A359311BC0D955008910EB /* Captuvo.h */ = {isa = PBXFileReference; fileEncoding = 4; lastKnownFileType = sourcecode.c.h; path = Captuvo.h; sourceTree = "<group>"; };
		94A359321BC0E3AD008910EB /* SettingViewController.h */ = {isa = PBXFileReference; fileEncoding = 4; lastKnownFileType = sourcecode.c.h; path = SettingViewController.h; sourceTree = "<group>"; };
		94A359331BC0E3AD008910EB /* SettingViewController.m */ = {isa = PBXFileReference; fileEncoding = 4; lastKnownFileType = sourcecode.c.objc; path = SettingViewController.m; sourceTree = "<group>"; };
		94A359351BC0EF28008910EB /* DashboardViewController.h */ = {isa = PBXFileReference; fileEncoding = 4; lastKnownFileType = sourcecode.c.h; path = DashboardViewController.h; sourceTree = "<group>"; };
		94A359361BC0EF28008910EB /* DashboardViewController.m */ = {isa = PBXFileReference; fileEncoding = 4; lastKnownFileType = sourcecode.c.objc; path = DashboardViewController.m; sourceTree = "<group>"; };
		94A359381BC0F208008910EB /* ProfileViewController.h */ = {isa = PBXFileReference; fileEncoding = 4; lastKnownFileType = sourcecode.c.h; path = ProfileViewController.h; sourceTree = "<group>"; };
		94A359391BC0F208008910EB /* ProfileViewController.m */ = {isa = PBXFileReference; fileEncoding = 4; lastKnownFileType = sourcecode.c.objc; path = ProfileViewController.m; sourceTree = "<group>"; };
		94A3593B1BC0F7EA008910EB /* DashboardProfileViewController.h */ = {isa = PBXFileReference; fileEncoding = 4; lastKnownFileType = sourcecode.c.h; path = DashboardProfileViewController.h; sourceTree = "<group>"; };
		94A3593C1BC0F7EA008910EB /* DashboardProfileViewController.m */ = {isa = PBXFileReference; fileEncoding = 4; lastKnownFileType = sourcecode.c.objc; path = DashboardProfileViewController.m; sourceTree = "<group>"; };
		94A3593E1BC10701008910EB /* AFNetHelper.h */ = {isa = PBXFileReference; fileEncoding = 4; lastKnownFileType = sourcecode.c.h; path = AFNetHelper.h; sourceTree = "<group>"; };
		94A3593F1BC10701008910EB /* AFNetHelper.m */ = {isa = PBXFileReference; fileEncoding = 4; lastKnownFileType = sourcecode.c.objc; path = AFNetHelper.m; sourceTree = "<group>"; };
		94A359411BC10914008910EB /* server.plist */ = {isa = PBXFileReference; fileEncoding = 4; lastKnownFileType = text.plist.xml; path = server.plist; sourceTree = "<group>"; };
		94A359431BC109B7008910EB /* UserModel.h */ = {isa = PBXFileReference; fileEncoding = 4; lastKnownFileType = sourcecode.c.h; path = UserModel.h; sourceTree = "<group>"; };
		94A359441BC109B7008910EB /* UserModel.m */ = {isa = PBXFileReference; fileEncoding = 4; lastKnownFileType = sourcecode.c.objc; path = UserModel.m; sourceTree = "<group>"; };
		94A359471BC115F4008910EB /* UserEntity.h */ = {isa = PBXFileReference; fileEncoding = 4; lastKnownFileType = sourcecode.c.h; path = UserEntity.h; sourceTree = "<group>"; };
		94A359481BC115F4008910EB /* UserEntity.m */ = {isa = PBXFileReference; fileEncoding = 4; lastKnownFileType = sourcecode.c.objc; path = UserEntity.m; sourceTree = "<group>"; };
		94A3594A1BC121EE008910EB /* MBProgressHUD.h */ = {isa = PBXFileReference; fileEncoding = 4; lastKnownFileType = sourcecode.c.h; path = MBProgressHUD.h; sourceTree = "<group>"; };
		94A3594B1BC121EE008910EB /* MBProgressHUD.m */ = {isa = PBXFileReference; fileEncoding = 4; lastKnownFileType = sourcecode.c.objc; path = MBProgressHUD.m; sourceTree = "<group>"; };
		94D29B6E1BC89A2F00313DC7 /* CheckSynchronizeViewController.h */ = {isa = PBXFileReference; fileEncoding = 4; lastKnownFileType = sourcecode.c.h; path = CheckSynchronizeViewController.h; sourceTree = "<group>"; };
		94D29B6F1BC89A2F00313DC7 /* CheckSynchronizeViewController.m */ = {isa = PBXFileReference; fileEncoding = 4; lastKnownFileType = sourcecode.c.objc; path = CheckSynchronizeViewController.m; sourceTree = "<group>"; };
		94EE4129EF8FEB5C1ADB5023 /* Pods.release.xcconfig */ = {isa = PBXFileReference; includeInIndex = 1; lastKnownFileType = text.xcconfig; name = Pods.release.xcconfig; path = "Pods/Target Support Files/Pods/Pods.release.xcconfig"; sourceTree = "<group>"; };
/* End PBXFileReference section */

/* Begin PBXFrameworksBuildPhase section */
		942E942D1BC01A4A00FB5CD0 /* Frameworks */ = {
			isa = PBXFrameworksBuildPhase;
			buildActionMask = 2147483647;
			files = (
				942957201BC3B7E200C35462 /* libsqlite3.dylib in Frameworks */,
				9463F0431BC2804C00280D38 /* ExternalAccessory.framework in Frameworks */,
				9463F0411BC2803A00280D38 /* libCaptuvoSDK.a in Frameworks */,
				FD4E319BD32BEE598B283BDF /* libPods.a in Frameworks */,
			);
			runOnlyForDeploymentPostprocessing = 0;
		};
		942E94491BC01A4A00FB5CD0 /* Frameworks */ = {
			isa = PBXFrameworksBuildPhase;
			buildActionMask = 2147483647;
			files = (
			);
			runOnlyForDeploymentPostprocessing = 0;
		};
/* End PBXFrameworksBuildPhase section */

/* Begin PBXGroup section */
		2A61E5DB665307A27AC073BC /* Pods */ = {
			isa = PBXGroup;
			children = (
				444761C8CCFDCCE9DECDA580 /* Pods.debug.xcconfig */,
				94EE4129EF8FEB5C1ADB5023 /* Pods.release.xcconfig */,
			);
			name = Pods;
			sourceTree = "<group>";
		};
		942E94271BC01A4A00FB5CD0 = {
			isa = PBXGroup;
			children = (
				942E94321BC01A4A00FB5CD0 /* leoni */,
				942E944F1BC01A4A00FB5CD0 /* leoniTests */,
				942E94311BC01A4A00FB5CD0 /* Products */,
				2A61E5DB665307A27AC073BC /* Pods */,
				B071B307EB3056C125C78490 /* Frameworks */,
			);
			sourceTree = "<group>";
		};
		942E94311BC01A4A00FB5CD0 /* Products */ = {
			isa = PBXGroup;
			children = (
				942E94301BC01A4A00FB5CD0 /* leoni.app */,
				942E944C1BC01A4A00FB5CD0 /* leoniTests.xctest */,
			);
			name = Products;
			sourceTree = "<group>";
		};
		942E94321BC01A4A00FB5CD0 /* leoni */ = {
			isa = PBXGroup;
			children = (
				94A359461BC115E1008910EB /* entity */,
				94A359301BC0D931008910EB /* vendor */,
				942E945E1BC01ACA00FB5CD0 /* controller */,
				942E945D1BC01ABD00FB5CD0 /* view */,
				942E945C1BC01AAD00FB5CD0 /* model */,
				942E94371BC01A4A00FB5CD0 /* AppDelegate.h */,
				942E94381BC01A4A00FB5CD0 /* AppDelegate.m */,
				942E943D1BC01A4A00FB5CD0 /* ViewController.h */,
				942E943E1BC01A4A00FB5CD0 /* ViewController.m */,
				942E94401BC01A4A00FB5CD0 /* Main.storyboard */,
				942E94431BC01A4A00FB5CD0 /* Images.xcassets */,
				942E94451BC01A4A00FB5CD0 /* LaunchScreen.xib */,
				942E943A1BC01A4A00FB5CD0 /* leoni.xcdatamodeld */,
				942E94331BC01A4A00FB5CD0 /* Supporting Files */,
			);
			path = leoni;
			sourceTree = "<group>";
		};
		942E94331BC01A4A00FB5CD0 /* Supporting Files */ = {
			isa = PBXGroup;
			children = (
				942957211BC3CBF100C35462 /* inventorydb.sql */,
				942E94341BC01A4A00FB5CD0 /* Info.plist */,
				942E94351BC01A4A00FB5CD0 /* main.m */,
				94A359411BC10914008910EB /* server.plist */,
				945F64C81BCD11FD000AB38C /* leoni-Prefix.pch */,
			);
			name = "Supporting Files";
			sourceTree = "<group>";
		};
		942E944F1BC01A4A00FB5CD0 /* leoniTests */ = {
			isa = PBXGroup;
			children = (
				942E94521BC01A4A00FB5CD0 /* leoniTests.m */,
				942E94501BC01A4A00FB5CD0 /* Supporting Files */,
			);
			path = leoniTests;
			sourceTree = "<group>";
		};
		942E94501BC01A4A00FB5CD0 /* Supporting Files */ = {
			isa = PBXGroup;
			children = (
				942E94511BC01A4A00FB5CD0 /* Info.plist */,
			);
			name = "Supporting Files";
			sourceTree = "<group>";
		};
		942E945C1BC01AAD00FB5CD0 /* model */ = {
			isa = PBXGroup;
			children = (
				94A359431BC109B7008910EB /* UserModel.h */,
				94A359441BC109B7008910EB /* UserModel.m */,
				9463F03B1BC27B0400280D38 /* InventoryModel.h */,
				9463F03C1BC27B0400280D38 /* InventoryModel.m */,
			);
			name = model;
			sourceTree = "<group>";
		};
		942E945D1BC01ABD00FB5CD0 /* view */ = {
			isa = PBXGroup;
			children = (
			);
			name = view;
			sourceTree = "<group>";
		};
		942E945E1BC01ACA00FB5CD0 /* controller */ = {
			isa = PBXGroup;
			children = (
				94A3592D1BC0C461008910EB /* LoginViewController.h */,
				94A3592E1BC0C461008910EB /* LoginViewController.m */,
				94A359321BC0E3AD008910EB /* SettingViewController.h */,
				94A359331BC0E3AD008910EB /* SettingViewController.m */,
				94A359351BC0EF28008910EB /* DashboardViewController.h */,
				94A359361BC0EF28008910EB /* DashboardViewController.m */,
				94A359381BC0F208008910EB /* ProfileViewController.h */,
				94A359391BC0F208008910EB /* ProfileViewController.m */,
				94A3593B1BC0F7EA008910EB /* DashboardProfileViewController.h */,
				94A3593C1BC0F7EA008910EB /* DashboardProfileViewController.m */,
				9463F0351BC244BE00280D38 /* CheckViewController.h */,
				9463F0361BC244BE00280D38 /* CheckViewController.m */,
				9463F0381BC2450600280D38 /* CheckCreateViewController.h */,
				9463F0391BC2450600280D38 /* CheckCreateViewController.m */,
				942957231BC3F43C00C35462 /* CheckListViewController.h */,
				942957241BC3F43C00C35462 /* CheckListViewController.m */,
				94D29B6E1BC89A2F00313DC7 /* CheckSynchronizeViewController.h */,
				94D29B6F1BC89A2F00313DC7 /* CheckSynchronizeViewController.m */,
				945F64C91BCD2BE5000AB38C /* RandomCheckViewController.h */,
				945F64CA1BCD2BE5000AB38C /* RandomCheckViewController.m */,
				949658111BCE7F03006DACA7 /* RandomListViewController.h */,
				949658121BCE7F03006DACA7 /* RandomListViewController.m */,
				9478AC231BD216BF007FDA17 /* RandomCheckSynchronizeViewController.h */,
				9478AC241BD216BF007FDA17 /* RandomCheckSynchronizeViewController.m */,
			);
			name = controller;
			sourceTree = "<group>";
		};
		94A359301BC0D931008910EB /* vendor */ = {
			isa = PBXGroup;
			children = (
				9463F0321BC20DD600280D38 /* KeychainItemWrapper.h */,
				9463F0331BC20DD600280D38 /* KeychainItemWrapper.m */,
				94A3594A1BC121EE008910EB /* MBProgressHUD.h */,
				94A3594B1BC121EE008910EB /* MBProgressHUD.m */,
				94A359311BC0D955008910EB /* Captuvo.h */,
				94A3593E1BC10701008910EB /* AFNetHelper.h */,
				94A3593F1BC10701008910EB /* AFNetHelper.m */,
				9429571C1BC3B7D000C35462 /* DBManager.h */,
				9429571D1BC3B7D000C35462 /* DBManager.m */,
			);
			name = vendor;
			sourceTree = "<group>";
		};
		94A359461BC115E1008910EB /* entity */ = {
			isa = PBXGroup;
			children = (
				94A359471BC115F4008910EB /* UserEntity.h */,
				94A359481BC115F4008910EB /* UserEntity.m */,
				9463F0441BC297A900280D38 /* InventoryEntity.h */,
				9463F0451BC297A900280D38 /* InventoryEntity.m */,
			);
			name = entity;
			sourceTree = "<group>";
		};
		B071B307EB3056C125C78490 /* Frameworks */ = {
			isa = PBXGroup;
			children = (
				9429571F1BC3B7E200C35462 /* libsqlite3.dylib */,
				9463F0421BC2804C00280D38 /* ExternalAccessory.framework */,
				9463F0401BC2803A00280D38 /* libCaptuvoSDK.a */,
				65DD0E03D04E30B34C3CA012 /* libPods.a */,
			);
			name = Frameworks;
			sourceTree = "<group>";
		};
/* End PBXGroup section */

/* Begin PBXNativeTarget section */
		942E942F1BC01A4A00FB5CD0 /* leoni */ = {
			isa = PBXNativeTarget;
			buildConfigurationList = 942E94561BC01A4A00FB5CD0 /* Build configuration list for PBXNativeTarget "leoni" */;
			buildPhases = (
				23063704DF110ACD2B0428EE /* Check Pods Manifest.lock */,
				942E942C1BC01A4A00FB5CD0 /* Sources */,
				942E942D1BC01A4A00FB5CD0 /* Frameworks */,
				942E942E1BC01A4A00FB5CD0 /* Resources */,
				66D856BF971F47E5CC44F9D2 /* Copy Pods Resources */,
			);
			buildRules = (
			);
			dependencies = (
			);
			name = leoni;
			productName = leoni;
			productReference = 942E94301BC01A4A00FB5CD0 /* leoni.app */;
			productType = "com.apple.product-type.application";
		};
		942E944B1BC01A4A00FB5CD0 /* leoniTests */ = {
			isa = PBXNativeTarget;
			buildConfigurationList = 942E94591BC01A4A00FB5CD0 /* Build configuration list for PBXNativeTarget "leoniTests" */;
			buildPhases = (
				942E94481BC01A4A00FB5CD0 /* Sources */,
				942E94491BC01A4A00FB5CD0 /* Frameworks */,
				942E944A1BC01A4A00FB5CD0 /* Resources */,
			);
			buildRules = (
			);
			dependencies = (
				942E944E1BC01A4A00FB5CD0 /* PBXTargetDependency */,
			);
			name = leoniTests;
			productName = leoniTests;
			productReference = 942E944C1BC01A4A00FB5CD0 /* leoniTests.xctest */;
			productType = "com.apple.product-type.bundle.unit-test";
		};
/* End PBXNativeTarget section */

/* Begin PBXProject section */
		942E94281BC01A4A00FB5CD0 /* Project object */ = {
			isa = PBXProject;
			attributes = {
				LastUpgradeCheck = 0640;
				ORGANIZATIONNAME = ryan;
				TargetAttributes = {
					942E942F1BC01A4A00FB5CD0 = {
						CreatedOnToolsVersion = 6.4;
						DevelopmentTeam = ALEL54CX66;
					};
					942E944B1BC01A4A00FB5CD0 = {
						CreatedOnToolsVersion = 6.4;
						TestTargetID = 942E942F1BC01A4A00FB5CD0;
					};
				};
			};
			buildConfigurationList = 942E942B1BC01A4A00FB5CD0 /* Build configuration list for PBXProject "leoni" */;
			compatibilityVersion = "Xcode 3.2";
			developmentRegion = English;
			hasScannedForEncodings = 0;
			knownRegions = (
				en,
				Base,
			);
			mainGroup = 942E94271BC01A4A00FB5CD0;
			productRefGroup = 942E94311BC01A4A00FB5CD0 /* Products */;
			projectDirPath = "";
			projectRoot = "";
			targets = (
				942E942F1BC01A4A00FB5CD0 /* leoni */,
				942E944B1BC01A4A00FB5CD0 /* leoniTests */,
			);
		};
/* End PBXProject section */

/* Begin PBXResourcesBuildPhase section */
		942E942E1BC01A4A00FB5CD0 /* Resources */ = {
			isa = PBXResourcesBuildPhase;
			buildActionMask = 2147483647;
			files = (
				942E94421BC01A4A00FB5CD0 /* Main.storyboard in Resources */,
				94A359421BC10914008910EB /* server.plist in Resources */,
				942E94471BC01A4A00FB5CD0 /* LaunchScreen.xib in Resources */,
				942E94441BC01A4A00FB5CD0 /* Images.xcassets in Resources */,
				942957221BC3CBF100C35462 /* inventorydb.sql in Resources */,
			);
			runOnlyForDeploymentPostprocessing = 0;
		};
		942E944A1BC01A4A00FB5CD0 /* Resources */ = {
			isa = PBXResourcesBuildPhase;
			buildActionMask = 2147483647;
			files = (
			);
			runOnlyForDeploymentPostprocessing = 0;
		};
/* End PBXResourcesBuildPhase section */

/* Begin PBXShellScriptBuildPhase section */
		23063704DF110ACD2B0428EE /* Check Pods Manifest.lock */ = {
			isa = PBXShellScriptBuildPhase;
			buildActionMask = 2147483647;
			files = (
			);
			inputPaths = (
			);
			name = "Check Pods Manifest.lock";
			outputPaths = (
			);
			runOnlyForDeploymentPostprocessing = 0;
			shellPath = /bin/sh;
			shellScript = "diff \"${PODS_ROOT}/../Podfile.lock\" \"${PODS_ROOT}/Manifest.lock\" > /dev/null\nif [[ $? != 0 ]] ; then\n    cat << EOM\nerror: The sandbox is not in sync with the Podfile.lock. Run 'pod install' or update your CocoaPods installation.\nEOM\n    exit 1\nfi\n";
			showEnvVarsInLog = 0;
		};
		66D856BF971F47E5CC44F9D2 /* Copy Pods Resources */ = {
			isa = PBXShellScriptBuildPhase;
			buildActionMask = 2147483647;
			files = (
			);
			inputPaths = (
			);
			name = "Copy Pods Resources";
			outputPaths = (
			);
			runOnlyForDeploymentPostprocessing = 0;
			shellPath = /bin/sh;
			shellScript = "\"${SRCROOT}/Pods/Target Support Files/Pods/Pods-resources.sh\"\n";
			showEnvVarsInLog = 0;
		};
/* End PBXShellScriptBuildPhase section */

/* Begin PBXSourcesBuildPhase section */
		942E942C1BC01A4A00FB5CD0 /* Sources */ = {
			isa = PBXSourcesBuildPhase;
			buildActionMask = 2147483647;
			files = (
				942E94391BC01A4A00FB5CD0 /* AppDelegate.m in Sources */,
				942E943C1BC01A4A00FB5CD0 /* leoni.xcdatamodeld in Sources */,
				94A3593A1BC0F208008910EB /* ProfileViewController.m in Sources */,
				94A359491BC115F4008910EB /* UserEntity.m in Sources */,
				942E943F1BC01A4A00FB5CD0 /* ViewController.m in Sources */,
				949658131BCE7F03006DACA7 /* RandomListViewController.m in Sources */,
				942957251BC3F43C00C35462 /* CheckListViewController.m in Sources */,
				94A359401BC10701008910EB /* AFNetHelper.m in Sources */,
				9463F0341BC20DD600280D38 /* KeychainItemWrapper.m in Sources */,
				9463F03A1BC2450600280D38 /* CheckCreateViewController.m in Sources */,
				9429571E1BC3B7D000C35462 /* DBManager.m in Sources */,
				94A3593D1BC0F7EA008910EB /* DashboardProfileViewController.m in Sources */,
				94D29B701BC89A2F00313DC7 /* CheckSynchronizeViewController.m in Sources */,
				9463F0461BC297A900280D38 /* InventoryEntity.m in Sources */,
				94A359451BC109B7008910EB /* UserModel.m in Sources */,
				9463F03D1BC27B0400280D38 /* InventoryModel.m in Sources */,
				94A359371BC0EF28008910EB /* DashboardViewController.m in Sources */,
				945F64CB1BCD2BE5000AB38C /* RandomCheckViewController.m in Sources */,
				94A3594C1BC121EE008910EB /* MBProgressHUD.m in Sources */,
				9478AC251BD216BF007FDA17 /* RandomCheckSynchronizeViewController.m in Sources */,
				942E94361BC01A4A00FB5CD0 /* main.m in Sources */,
				94A3592F1BC0C461008910EB /* LoginViewController.m in Sources */,
				9463F0371BC244BE00280D38 /* CheckViewController.m in Sources */,
				94A359341BC0E3AD008910EB /* SettingViewController.m in Sources */,
			);
			runOnlyForDeploymentPostprocessing = 0;
		};
		942E94481BC01A4A00FB5CD0 /* Sources */ = {
			isa = PBXSourcesBuildPhase;
			buildActionMask = 2147483647;
			files = (
				942E94531BC01A4A00FB5CD0 /* leoniTests.m in Sources */,
			);
			runOnlyForDeploymentPostprocessing = 0;
		};
/* End PBXSourcesBuildPhase section */

/* Begin PBXTargetDependency section */
		942E944E1BC01A4A00FB5CD0 /* PBXTargetDependency */ = {
			isa = PBXTargetDependency;
			target = 942E942F1BC01A4A00FB5CD0 /* leoni */;
			targetProxy = 942E944D1BC01A4A00FB5CD0 /* PBXContainerItemProxy */;
		};
/* End PBXTargetDependency section */

/* Begin PBXVariantGroup section */
		942E94401BC01A4A00FB5CD0 /* Main.storyboard */ = {
			isa = PBXVariantGroup;
			children = (
				942E94411BC01A4A00FB5CD0 /* Base */,
			);
			name = Main.storyboard;
			sourceTree = "<group>";
		};
		942E94451BC01A4A00FB5CD0 /* LaunchScreen.xib */ = {
			isa = PBXVariantGroup;
			children = (
				942E94461BC01A4A00FB5CD0 /* Base */,
			);
			name = LaunchScreen.xib;
			sourceTree = "<group>";
		};
/* End PBXVariantGroup section */

/* Begin XCBuildConfiguration section */
		942E94541BC01A4A00FB5CD0 /* Debug */ = {
			isa = XCBuildConfiguration;
			buildSettings = {
				ALWAYS_SEARCH_USER_PATHS = NO;
				CLANG_CXX_LANGUAGE_STANDARD = "gnu++0x";
				CLANG_CXX_LIBRARY = "libc++";
				CLANG_ENABLE_MODULES = YES;
				CLANG_ENABLE_OBJC_ARC = YES;
				CLANG_WARN_BOOL_CONVERSION = YES;
				CLANG_WARN_CONSTANT_CONVERSION = YES;
				CLANG_WARN_DIRECT_OBJC_ISA_USAGE = YES_ERROR;
				CLANG_WARN_EMPTY_BODY = YES;
				CLANG_WARN_ENUM_CONVERSION = YES;
				CLANG_WARN_INT_CONVERSION = YES;
				CLANG_WARN_OBJC_ROOT_CLASS = YES_ERROR;
				CLANG_WARN_UNREACHABLE_CODE = YES;
				CLANG_WARN__DUPLICATE_METHOD_MATCH = YES;
				"CODE_SIGN_IDENTITY[sdk=iphoneos*]" = "iPhone Developer";
				COPY_PHASE_STRIP = NO;
				DEBUG_INFORMATION_FORMAT = "dwarf-with-dsym";
				ENABLE_STRICT_OBJC_MSGSEND = YES;
				GCC_C_LANGUAGE_STANDARD = gnu99;
				GCC_DYNAMIC_NO_PIC = NO;
				GCC_NO_COMMON_BLOCKS = YES;
				GCC_OPTIMIZATION_LEVEL = 0;
				GCC_PREPROCESSOR_DEFINITIONS = (
					"DEBUG=1",
					"$(inherited)",
				);
				GCC_SYMBOLS_PRIVATE_EXTERN = NO;
				GCC_WARN_64_TO_32_BIT_CONVERSION = YES;
				GCC_WARN_ABOUT_RETURN_TYPE = YES_ERROR;
				GCC_WARN_UNDECLARED_SELECTOR = YES;
				GCC_WARN_UNINITIALIZED_AUTOS = YES_AGGRESSIVE;
				GCC_WARN_UNUSED_FUNCTION = YES;
				GCC_WARN_UNUSED_VARIABLE = YES;
				IPHONEOS_DEPLOYMENT_TARGET = 8.4;
				MTL_ENABLE_DEBUG_INFO = YES;
				ONLY_ACTIVE_ARCH = YES;
				SDKROOT = iphoneos;
				TARGETED_DEVICE_FAMILY = "1,2";
			};
			name = Debug;
		};
		942E94551BC01A4A00FB5CD0 /* Release */ = {
			isa = XCBuildConfiguration;
			buildSettings = {
				ALWAYS_SEARCH_USER_PATHS = NO;
				CLANG_CXX_LANGUAGE_STANDARD = "gnu++0x";
				CLANG_CXX_LIBRARY = "libc++";
				CLANG_ENABLE_MODULES = YES;
				CLANG_ENABLE_OBJC_ARC = YES;
				CLANG_WARN_BOOL_CONVERSION = YES;
				CLANG_WARN_CONSTANT_CONVERSION = YES;
				CLANG_WARN_DIRECT_OBJC_ISA_USAGE = YES_ERROR;
				CLANG_WARN_EMPTY_BODY = YES;
				CLANG_WARN_ENUM_CONVERSION = YES;
				CLANG_WARN_INT_CONVERSION = YES;
				CLANG_WARN_OBJC_ROOT_CLASS = YES_ERROR;
				CLANG_WARN_UNREACHABLE_CODE = YES;
				CLANG_WARN__DUPLICATE_METHOD_MATCH = YES;
				"CODE_SIGN_IDENTITY[sdk=iphoneos*]" = "iPhone Developer";
				COPY_PHASE_STRIP = NO;
				DEBUG_INFORMATION_FORMAT = "dwarf-with-dsym";
				ENABLE_NS_ASSERTIONS = NO;
				ENABLE_STRICT_OBJC_MSGSEND = YES;
				GCC_C_LANGUAGE_STANDARD = gnu99;
				GCC_NO_COMMON_BLOCKS = YES;
				GCC_WARN_64_TO_32_BIT_CONVERSION = YES;
				GCC_WARN_ABOUT_RETURN_TYPE = YES_ERROR;
				GCC_WARN_UNDECLARED_SELECTOR = YES;
				GCC_WARN_UNINITIALIZED_AUTOS = YES_AGGRESSIVE;
				GCC_WARN_UNUSED_FUNCTION = YES;
				GCC_WARN_UNUSED_VARIABLE = YES;
				IPHONEOS_DEPLOYMENT_TARGET = 8.4;
				MTL_ENABLE_DEBUG_INFO = NO;
				SDKROOT = iphoneos;
				TARGETED_DEVICE_FAMILY = "1,2";
				VALIDATE_PRODUCT = YES;
			};
			name = Release;
		};
		942E94571BC01A4A00FB5CD0 /* Debug */ = {
			isa = XCBuildConfiguration;
			baseConfigurationReference = 444761C8CCFDCCE9DECDA580 /* Pods.debug.xcconfig */;
			buildSettings = {
				ASSETCATALOG_COMPILER_APPICON_NAME = AppIcon;
				CODE_SIGN_IDENTITY = "iPhone Developer";
				"CODE_SIGN_IDENTITY[sdk=iphoneos*]" = "iPhone Developer";
				GCC_PREFIX_HEADER = "$(SRCROOT)/leoni/leoni-Prefix.pch";
				INFOPLIST_FILE = leoni/Info.plist;
				IPHONEOS_DEPLOYMENT_TARGET = 7.0;
				LD_RUNPATH_SEARCH_PATHS = "$(inherited) @executable_path/Frameworks";
				LIBRARY_SEARCH_PATHS = (
					"$(inherited)",
					/Users/ryan/Documents/Codes/ObjectiveC/fc_ios/Material,
					"$(PROJECT_DIR)",
				);
				PRODUCT_NAME = "$(TARGET_NAME)";
				PROVISIONING_PROFILE = "";
			};
			name = Debug;
		};
		942E94581BC01A4A00FB5CD0 /* Release */ = {
			isa = XCBuildConfiguration;
			baseConfigurationReference = 94EE4129EF8FEB5C1ADB5023 /* Pods.release.xcconfig */;
			buildSettings = {
				ASSETCATALOG_COMPILER_APPICON_NAME = AppIcon;
				CODE_SIGN_IDENTITY = "iPhone Developer";
				"CODE_SIGN_IDENTITY[sdk=iphoneos*]" = "iPhone Developer";
				GCC_PREFIX_HEADER = "$(SRCROOT)/leoni/leoni-Prefix.pch";
				INFOPLIST_FILE = leoni/Info.plist;
				IPHONEOS_DEPLOYMENT_TARGET = 7.0;
				LD_RUNPATH_SEARCH_PATHS = "$(inherited) @executable_path/Frameworks";
				LIBRARY_SEARCH_PATHS = (
					"$(inherited)",
					/Users/ryan/Documents/Codes/ObjectiveC/fc_ios/Material,
					"$(PROJECT_DIR)",
				);
				PRODUCT_NAME = "$(TARGET_NAME)";
				PROVISIONING_PROFILE = "";
			};
			name = Release;
		};
		942E945A1BC01A4A00FB5CD0 /* Debug */ = {
			isa = XCBuildConfiguration;
			buildSettings = {
				BUNDLE_LOADER = "$(TEST_HOST)";
				FRAMEWORK_SEARCH_PATHS = (
					"$(SDKROOT)/Developer/Library/Frameworks",
					"$(inherited)",
				);
				GCC_PREPROCESSOR_DEFINITIONS = (
					"DEBUG=1",
					"$(inherited)",
				);
				INFOPLIST_FILE = leoniTests/Info.plist;
				LD_RUNPATH_SEARCH_PATHS = "$(inherited) @executable_path/Frameworks @loader_path/Frameworks";
				PRODUCT_NAME = "$(TARGET_NAME)";
				TEST_HOST = "$(BUILT_PRODUCTS_DIR)/leoni.app/leoni";
			};
			name = Debug;
		};
		942E945B1BC01A4A00FB5CD0 /* Release */ = {
			isa = XCBuildConfiguration;
			buildSettings = {
				BUNDLE_LOADER = "$(TEST_HOST)";
				FRAMEWORK_SEARCH_PATHS = (
					"$(SDKROOT)/Developer/Library/Frameworks",
					"$(inherited)",
				);
				INFOPLIST_FILE = leoniTests/Info.plist;
				LD_RUNPATH_SEARCH_PATHS = "$(inherited) @executable_path/Frameworks @loader_path/Frameworks";
				PRODUCT_NAME = "$(TARGET_NAME)";
				TEST_HOST = "$(BUILT_PRODUCTS_DIR)/leoni.app/leoni";
			};
			name = Release;
		};
/* End XCBuildConfiguration section */

/* Begin XCConfigurationList section */
		942E942B1BC01A4A00FB5CD0 /* Build configuration list for PBXProject "leoni" */ = {
			isa = XCConfigurationList;
			buildConfigurations = (
				942E94541BC01A4A00FB5CD0 /* Debug */,
				942E94551BC01A4A00FB5CD0 /* Release */,
			);
			defaultConfigurationIsVisible = 0;
			defaultConfigurationName = Release;
		};
		942E94561BC01A4A00FB5CD0 /* Build configuration list for PBXNativeTarget "leoni" */ = {
			isa = XCConfigurationList;
			buildConfigurations = (
				942E94571BC01A4A00FB5CD0 /* Debug */,
				942E94581BC01A4A00FB5CD0 /* Release */,
			);
			defaultConfigurationIsVisible = 0;
			defaultConfigurationName = Release;
		};
		942E94591BC01A4A00FB5CD0 /* Build configuration list for PBXNativeTarget "leoniTests" */ = {
			isa = XCConfigurationList;
			buildConfigurations = (
				942E945A1BC01A4A00FB5CD0 /* Debug */,
				942E945B1BC01A4A00FB5CD0 /* Release */,
			);
			defaultConfigurationIsVisible = 0;
			defaultConfigurationName = Release;
		};
/* End XCConfigurationList section */

/* Begin XCVersionGroup section */
		942E943A1BC01A4A00FB5CD0 /* leoni.xcdatamodeld */ = {
			isa = XCVersionGroup;
			children = (
				942E943B1BC01A4A00FB5CD0 /* leoni.xcdatamodel */,
			);
			currentVersion = 942E943B1BC01A4A00FB5CD0 /* leoni.xcdatamodel */;
			path = leoni.xcdatamodeld;
			sourceTree = "<group>";
			versionGroupType = wrapper.xcdatamodel;
		};
/* End XCVersionGroup section */
	};
	rootObject = 942E94281BC01A4A00FB5CD0 /* Project object */;
}
